// !$*UTF8*$!
{
	archiveVersion = 1;
	classes = {
	};
	objectVersion = 54;
	objects = {

/* Begin PBXBuildFile section */
		04967EEC5D30106110A39113 /* DMSans-Regular.ttf in Resources */ = {isa = PBXBuildFile; fileRef = 911693D4D5CF682A2CA83E19 /* DMSans-Regular.ttf */; };
		3EBC5E5B43B96F1CF223AE0E /* Syne-Bold.ttf in Resources */ = {isa = PBXBuildFile; fileRef = 75A26F6A10FD0BDC24E7C879 /* Syne-Bold.ttf */; };
		4C76AF512316F0A98C8395C7 /* AaikyamPresetStudioTests.swift in Sources */ = {isa = PBXBuildFile; fileRef = BF398E225CC46BA20EFE2F0F /* AaikyamPresetStudioTests.swift */; };
		50C138E16E89DA651C6973EB /* Supabase in Frameworks */ = {isa = PBXBuildFile; productRef = 08ACE6BDF24A0814FFA223F1 /* Supabase */; };
		7A367C7724CA5D077ABB79CE /* JetBrainsMono-Regular.ttf in Resources */ = {isa = PBXBuildFile; fileRef = 6ADBC473FC11DA88382C5D17 /* JetBrainsMono-Regular.ttf */; };
		8CE8E0F92A69F1DCEAC23FF6 /* DMSans-Medium.ttf in Resources */ = {isa = PBXBuildFile; fileRef = 5844F5748E38A2F3C66A7BF5 /* DMSans-Medium.ttf */; };
		A1B2C3D4E5F6A7B8C9D0E1F2 /* PresetModel.swift in Sources */ = {isa = PBXBuildFile; fileRef = A1B2C3D4E5F6A7B8C9D0E1F3 /* PresetModel.swift */; };
		B2C3D4E5F6A7B8C9D0E1F2A3 /* PresetModelTests.swift in Sources */ = {isa = PBXBuildFile; fileRef = B2C3D4E5F6A7B8C9D0E1F2A4 /* PresetModelTests.swift */; };
		E7D1C91635E6D6165D580AE4 /* AaikyamPresetStudioApp.swift in Sources */ = {isa = PBXBuildFile; fileRef = 37A1A90F711C41CDB2544C4B /* AaikyamPresetStudioApp.swift */; };
/* End PBXBuildFile section */

/* Begin PBXContainerItemProxy section */
		01BF16BDAE1C17B5D8C25442 /* PBXContainerItemProxy */ = {
			isa = PBXContainerItemProxy;
			containerPortal = 28650E1870FFB6955CBCC2C4 /* Project object */;
			proxyType = 1;
			remoteGlobalIDString = 4DD3E01ED43A02D42E6D9287;
			remoteInfo = AaikyamPresetStudio;
		};
/* End PBXContainerItemProxy section */

/* Begin PBXFileReference section */
		37A1A90F711C41CDB2544C4B /* AaikyamPresetStudioApp.swift */ = {isa = PBXFileReference; lastKnownFileType = sourcecode.swift; path = AaikyamPresetStudioApp.swift; sourceTree = "<group>"; };
		5844F5748E38A2F3C66A7BF5 /* DMSans-Medium.ttf */ = {isa = PBXFileReference; lastKnownFileType = file; path = "DMSans-Medium.ttf"; sourceTree = "<group>"; };
		6ADBC473FC11DA88382C5D17 /* JetBrainsMono-Regular.ttf */ = {isa = PBXFileReference; lastKnownFileType = file; path = "JetBrainsMono-Regular.ttf"; sourceTree = "<group>"; };
		6F5D1DABB14D64368796987F /* Info.plist */ = {isa = PBXFileReference; lastKnownFileType = text.plist; path = Info.plist; sourceTree = "<group>"; };
		75A26F6A10FD0BDC24E7C879 /* Syne-Bold.ttf */ = {isa = PBXFileReference; lastKnownFileType = file; path = "Syne-Bold.ttf"; sourceTree = "<group>"; };
		7F4C53191465CBDA2F121960 /* .gitkeep */ = {isa = PBXFileReference; path = .gitkeep; sourceTree = "<group>"; };
		7F8D3CF7B6C64EB77C2741C5 /* .gitkeep */ = {isa = PBXFileReference; path = .gitkeep; sourceTree = "<group>"; };
		8E668828FF14A25D6EF3EDDB /* AaikyamPresetStudio.app */ = {isa = PBXFileReference; includeInIndex = 0; lastKnownFileType = wrapper.application; path = AaikyamPresetStudio.app; sourceTree = BUILT_PRODUCTS_DIR; };
		911693D4D5CF682A2CA83E19 /* DMSans-Regular.ttf */ = {isa = PBXFileReference; lastKnownFileType = file; path = "DMSans-Regular.ttf"; sourceTree = "<group>"; };
		9AC4DFE4A42466A112BCEDAB /* AaikyamPresetStudioTests.xctest */ = {isa = PBXFileReference; includeInIndex = 0; lastKnownFileType = wrapper.cfbundle; path = AaikyamPresetStudioTests.xctest; sourceTree = BUILT_PRODUCTS_DIR; };
		9DE87E47F060620A42908005 /* .gitkeep */ = {isa = PBXFileReference; path = .gitkeep; sourceTree = "<group>"; };
		A1B2C3D4E5F6A7B8C9D0E1F3 /* PresetModel.swift */ = {isa = PBXFileReference; lastKnownFileType = sourcecode.swift; path = PresetModel.swift; sourceTree = "<group>"; };
		B2C3D4E5F6A7B8C9D0E1F2A4 /* PresetModelTests.swift */ = {isa = PBXFileReference; lastKnownFileType = sourcecode.swift; path = PresetModelTests.swift; sourceTree = "<group>"; };
		BF398E225CC46BA20EFE2F0F /* AaikyamPresetStudioTests.swift */ = {isa = PBXFileReference; lastKnownFileType = sourcecode.swift; path = AaikyamPresetStudioTests.swift; sourceTree = "<group>"; };
		E1B2C3D11C0742D2C7F02F08 /* .gitkeep */ = {isa = PBXFileReference; path = .gitkeep; sourceTree = "<group>"; };
		E9D152CE890D8993059ECF6B /* .gitkeep */ = {isa = PBXFileReference; path = .gitkeep; sourceTree = "<group>"; };
/* End PBXFileReference section */

/* Begin PBXFrameworksBuildPhase section */
		E6085E273645D9E3B83CDDDB /* Frameworks */ = {
			isa = PBXFrameworksBuildPhase;
			buildActionMask = 2147483647;
			files = (
				50C138E16E89DA651C6973EB /* Supabase in Frameworks */,
			);
			runOnlyForDeploymentPostprocessing = 0;
		};
/* End PBXFrameworksBuildPhase section */

/* Begin PBXGroup section */
		1CDE49D389CA6854B2C2D54A /* Models */ = {
			isa = PBXGroup;
			children = (
				7F4C53191465CBDA2F121960 /* .gitkeep */,
				A1B2C3D4E5F6A7B8C9D0E1F3 /* PresetModel.swift */,
			);
			path = Models;
			sourceTree = "<group>";
		};
		2DC79E6AECE5D27A57C58512 /* Views */ = {
			isa = PBXGroup;
			children = (
				E9D152CE890D8993059ECF6B /* .gitkeep */,
			);
			path = Views;
			sourceTree = "<group>";
		};
		3AFBC333733CB48B0955D920 /* AaikyamPresetStudioTests */ = {
			isa = PBXGroup;
			children = (
				BF398E225CC46BA20EFE2F0F /* AaikyamPresetStudioTests.swift */,
				B2C3D4E5F6A7B8C9D0E1F2A4 /* PresetModelTests.swift */,
			);
			path = AaikyamPresetStudioTests;
			sourceTree = "<group>";
		};
		5FD1D3CDB1E97C2E3AB21EE1 /* Utilities */ = {
			isa = PBXGroup;
			children = (
				E1B2C3D11C0742D2C7F02F08 /* .gitkeep */,
			);
			path = Utilities;
			sourceTree = "<group>";
		};
		6DA724C8E2EB3B9531BC7AE5 /* Services */ = {
			isa = PBXGroup;
			children = (
				7F8D3CF7B6C64EB77C2741C5 /* .gitkeep */,
			);
			path = Services;
			sourceTree = "<group>";
		};
		79B01B557FC4898477FDF159 /* ViewModels */ = {
			isa = PBXGroup;
			children = (
				9DE87E47F060620A42908005 /* .gitkeep */,
			);
			path = ViewModels;
			sourceTree = "<group>";
		};
		7D8D1819757A64AD0CE0B839 /* Products */ = {
			isa = PBXGroup;
			children = (
				8E668828FF14A25D6EF3EDDB /* AaikyamPresetStudio.app */,
				9AC4DFE4A42466A112BCEDAB /* AaikyamPresetStudioTests.xctest */,
			);
			name = Products;
			sourceTree = "<group>";
		};
		E62EC2910683137712801D9B /* AaikyamPresetStudio */ = {
			isa = PBXGroup;
			children = (
				37A1A90F711C41CDB2544C4B /* AaikyamPresetStudioApp.swift */,
				6F5D1DABB14D64368796987F /* Info.plist */,
				EC6C7A6AF320639B5D5B43CB /* Fonts */,
				1CDE49D389CA6854B2C2D54A /* Models */,
				6DA724C8E2EB3B9531BC7AE5 /* Services */,
				5FD1D3CDB1E97C2E3AB21EE1 /* Utilities */,
				79B01B557FC4898477FDF159 /* ViewModels */,
				2DC79E6AECE5D27A57C58512 /* Views */,
			);
			path = AaikyamPresetStudio;
			sourceTree = "<group>";
		};
		E63CFE9141E3A041EA599177 = {
			isa = PBXGroup;
			children = (
				E62EC2910683137712801D9B /* AaikyamPresetStudio */,
				3AFBC333733CB48B0955D920 /* AaikyamPresetStudioTests */,
				7D8D1819757A64AD0CE0B839 /* Products */,
			);
			sourceTree = "<group>";
		};
		EC6C7A6AF320639B5D5B43CB /* Fonts */ = {
			isa = PBXGroup;
			children = (
				5844F5748E38A2F3C66A7BF5 /* DMSans-Medium.ttf */,
				911693D4D5CF682A2CA83E19 /* DMSans-Regular.ttf */,
				6ADBC473FC11DA88382C5D17 /* JetBrainsMono-Regular.ttf */,
				75A26F6A10FD0BDC24E7C879 /* Syne-Bold.ttf */,
			);
			path = Fonts;
			sourceTree = "<group>";
		};
/* End PBXGroup section */

/* Begin PBXNativeTarget section */
		4DD3E01ED43A02D42E6D9287 /* AaikyamPresetStudio */ = {
			isa = PBXNativeTarget;
			buildConfigurationList = E4792673588E03EE2D12766E /* Build configuration list for PBXNativeTarget "AaikyamPresetStudio" */;
			buildPhases = (
				8C70191AB0B3D73C2D8FFDA5 /* Sources */,
				FCB938AAE63D1AB6BCC0885E /* Resources */,
				E6085E273645D9E3B83CDDDB /* Frameworks */,
			);
			buildRules = (
			);
			dependencies = (
			);
			name = AaikyamPresetStudio;
			packageProductDependencies = (
				08ACE6BDF24A0814FFA223F1 /* Supabase */,
			);
			productName = AaikyamPresetStudio;
			productReference = 8E668828FF14A25D6EF3EDDB /* AaikyamPresetStudio.app */;
			productType = "com.apple.product-type.application";
		};
		A67D4E6D33BF0AC3C64D0530 /* AaikyamPresetStudioTests */ = {
			isa = PBXNativeTarget;
			buildConfigurationList = F12B38FB2DCB81175FC7F036 /* Build configuration list for PBXNativeTarget "AaikyamPresetStudioTests" */;
			buildPhases = (
				0AA6DD5A0684038031D08A79 /* Sources */,
			);
			buildRules = (
			);
			dependencies = (
				793A0E07C1D7526F6726F0AF /* PBXTargetDependency */,
			);
			name = AaikyamPresetStudioTests;
			productName = AaikyamPresetStudioTests;
			productReference = 9AC4DFE4A42466A112BCEDAB /* AaikyamPresetStudioTests.xctest */;
			productType = "com.apple.product-type.bundle.unit-test";
		};
/* End PBXNativeTarget section */

/* Begin PBXProject section */
		28650E1870FFB6955CBCC2C4 /* Project object */ = {
			isa = PBXProject;
			attributes = {
				BuildIndependentTargetsInParallel = YES;
				LastUpgradeCheck = 1600;
				TargetAttributes = {
				};
			};
			buildConfigurationList = 97C734A0BA1DBBD6A00492E7 /* Build configuration list for PBXProject "AaikyamPresetStudio" */;
			compatibilityVersion = "Xcode 14.0";
			developmentRegion = en;
			hasScannedForEncodings = 0;
			knownRegions = (
				Base,
				en,
			);
			mainGroup = E63CFE9141E3A041EA599177;
			packageReferences = (
				6B0338D5E2B21553BB8808A8 /* XCRemoteSwiftPackageReference "supabase-swift" */,
			);
			projectDirPath = "";
			projectRoot = "";
			targets = (
				4DD3E01ED43A02D42E6D9287 /* AaikyamPresetStudio */,
				A67D4E6D33BF0AC3C64D0530 /* AaikyamPresetStudioTests */,
			);
		};
/* End PBXProject section */

/* Begin PBXResourcesBuildPhase section */
		FCB938AAE63D1AB6BCC0885E /* Resources */ = {
			isa = PBXResourcesBuildPhase;
			buildActionMask = 2147483647;
			files = (
				8CE8E0F92A69F1DCEAC23FF6 /* DMSans-Medium.ttf in Resources */,
				04967EEC5D30106110A39113 /* DMSans-Regular.ttf in Resources */,
				7A367C7724CA5D077ABB79CE /* JetBrainsMono-Regular.ttf in Resources */,
				3EBC5E5B43B96F1CF223AE0E /* Syne-Bold.ttf in Resources */,
			);
			runOnlyForDeploymentPostprocessing = 0;
		};
/* End PBXResourcesBuildPhase section */

/* Begin PBXSourcesBuildPhase section */
		0AA6DD5A0684038031D08A79 /* Sources */ = {
			isa = PBXSourcesBuildPhase;
			buildActionMask = 2147483647;
			files = (
				4C76AF512316F0A98C8395C7 /* AaikyamPresetStudioTests.swift in Sources */,
				B2C3D4E5F6A7B8C9D0E1F2A3 /* PresetModelTests.swift in Sources */,
			);
			runOnlyForDeploymentPostprocessing = 0;
		};
		8C70191AB0B3D73C2D8FFDA5 /* Sources */ = {
			isa = PBXSourcesBuildPhase;
			buildActionMask = 2147483647;
			files = (
				E7D1C91635E6D6165D580AE4 /* AaikyamPresetStudioApp.swift in Sources */,
				A1B2C3D4E5F6A7B8C9D0E1F2 /* PresetModel.swift in Sources */,
			);
			runOnlyForDeploymentPostprocessing = 0;
		};
/* End PBXSourcesBuildPhase section */

/* Begin PBXTargetDependency section */
		793A0E07C1D7526F6726F0AF /* PBXTargetDependency */ = {
			isa = PBXTargetDependency;
			target = 4DD3E01ED43A02D42E6D9287 /* AaikyamPresetStudio */;
			targetProxy = 01BF16BDAE1C17B5D8C25442 /* PBXContainerItemProxy */;
		};
/* End PBXTargetDependency section */

/* Begin XCBuildConfiguration section */
		7581F498702FA8BDA5485F5C /* Release */ = {
			isa = XCBuildConfiguration;
			buildSettings = {
				PRODUCT_BUNDLE_IDENTIFIER = com.aaikyam.AaikyamPresetStudioTests;
				SWIFT_VERSION = 5.9;
				TEST_HOST = "$(BUILT_PRODUCTS_DIR)/AaikyamPresetStudio.app/AaikyamPresetStudio";
			};
			name = Release;
		};
		86C737DAA0BDD3063E6D878D /* Debug */ = {
			isa = XCBuildConfiguration;
			buildSettings = {
				INFOPLIST_FILE = AaikyamPresetStudio/Info.plist;
				IPHONEOS_DEPLOYMENT_TARGET = 17.0;
				PRODUCT_BUNDLE_IDENTIFIER = com.aaikyam.presetstudio;
				SUPABASE_ANON_KEY = "placeholder-key";
				SUPABASE_URL = "https://placeholder.supabase.co";
				SWIFT_VERSION = 5.9;
			};
			name = Debug;
		};
		8D862D3951EE22D12A4FF687 /* Debug */ = {
			isa = XCBuildConfiguration;
			buildSettings = {
				IPHONEOS_DEPLOYMENT_TARGET = 17.0;
				SDKROOT = iphoneos;
			};
			name = Debug;
		};
		AED368B18FCCB02707DF865E /* Release */ = {
			isa = XCBuildConfiguration;
			buildSettings = {
				INFOPLIST_FILE = AaikyamPresetStudio/Info.plist;
				IPHONEOS_DEPLOYMENT_TARGET = 17.0;
				PRODUCT_BUNDLE_IDENTIFIER = com.aaikyam.presetstudio;
				SUPABASE_ANON_KEY = "placeholder-key";
				SUPABASE_URL = "https://placeholder.supabase.co";
				SWIFT_VERSION = 5.9;
			};
			name = Release;
		};
		E7EF65F6003D85690ED68778 /* Release */ = {
			isa = XCBuildConfiguration;
			buildSettings = {
				IPHONEOS_DEPLOYMENT_TARGET = 17.0;
				SDKROOT = iphoneos;
			};
			name = Release;
		};
		F3140560AA7BA6D7DEE88730 /* Debug */ = {
			isa = XCBuildConfiguration;
			buildSettings = {
				PRODUCT_BUNDLE_IDENTIFIER = com.aaikyam.AaikyamPresetStudioTests;
				SWIFT_VERSION = 5.9;
				TEST_HOST = "$(BUILT_PRODUCTS_DIR)/AaikyamPresetStudio.app/AaikyamPresetStudio";
			};
			name = Debug;
		};
/* End XCBuildConfiguration section */

/* Begin XCConfigurationList section */
		97C734A0BA1DBBD6A00492E7 /* Build configuration list for PBXProject "AaikyamPresetStudio" */ = {
			isa = XCConfigurationList;
			buildConfigurations = (
				8D862D3951EE22D12A4FF687 /* Debug */,
				E7EF65F6003D85690ED68778 /* Release */,
			);
			defaultConfigurationIsVisible = 0;
			defaultConfigurationName = Debug;
		};
		E4792673588E03EE2D12766E /* Build configuration list for PBXNativeTarget "AaikyamPresetStudio" */ = {
			isa = XCConfigurationList;
			buildConfigurations = (
				86C737DAA0BDD3063E6D878D /* Debug */,
				AED368B18FCCB02707DF865E /* Release */,
			);
			defaultConfigurationIsVisible = 0;
			defaultConfigurationName = Debug;
		};
		F12B38FB2DCB81175FC7F036 /* Build configuration list for PBXNativeTarget "AaikyamPresetStudioTests" */ = {
			isa = XCConfigurationList;
			buildConfigurations = (
				F3140560AA7BA6D7DEE88730 /* Debug */,
				7581F498702FA8BDA5485F5C /* Release */,
			);
			defaultConfigurationIsVisible = 0;
			defaultConfigurationName = Debug;
		};
/* End XCConfigurationList section */

/* Begin XCRemoteSwiftPackageReference section */
		6B0338D5E2B21553BB8808A8 /* XCRemoteSwiftPackageReference "supabase-swift" */ = {
			isa = XCRemoteSwiftPackageReference;
			repositoryURL = "https://github.com/supabase/supabase-swift";
			requirement = {
				kind = upToNextMajorVersion;
				minimumVersion = 2.0.0;
			};
		};
/* End XCRemoteSwiftPackageReference section */

/* Begin XCSwiftPackageProductDependency section */
		08ACE6BDF24A0814FFA223F1 /* Supabase */ = {
			isa = XCSwiftPackageProductDependency;
			package = 6B0338D5E2B21553BB8808A8 /* XCRemoteSwiftPackageReference "supabase-swift" */;
			productName = Supabase;
		};
/* End XCSwiftPackageProductDependency section */
	};
	rootObject = 28650E1870FFB6955CBCC2C4 /* Project object */;
}
